
Microsoft Visual Studio Solution File, Format Version 12.00
# Visual Studio Version 17
VisualStudioVersion = 17.9.34622.214
MinimumVisualStudioVersion = 10.0.40219.1
Project("{FAE04EC0-301F-11D3-BF4B-00C04F79EFBC}") = "BookShopCore", "BookShopCore.csproj", "{3A8DEDE8-0A9C-410B-BE4A-82D19DC3C002}"
EndProject
Global
	GlobalSection(SolutionConfigurationPlatforms) = preSolution
		Debug|Any CPU = Debug|Any CPU
		Release|Any CPU = Release|Any CPU
	EndGlobalSection
	GlobalSection(ProjectConfigurationPlatforms) = postSolution
		{3A8DEDE8-0A9C-410B-BE4A-82D19DC3C002}.Debug|Any CPU.ActiveCfg = Debug|Any CPU
		{3A8DEDE8-0A9C-410B-BE4A-82D19DC3C002}.Debug|Any CPU.Build.0 = Debug|Any CPU
		{3A8DEDE8-0A9C-410B-BE4A-82D19DC3C002}.Release|Any CPU.ActiveCfg = Release|Any CPU
		{3A8DEDE8-0A9C-410B-BE4A-82D19DC3C002}.Release|Any CPU.Build.0 = Release|Any CPU
	EndGlobalSection
	GlobalSection(SolutionProperties) = preSolution
		HideSolutionNode = FALSE
	EndGlobalSection
	GlobalSection(ExtensibilityGlobals) = postSolution
		SolutionGuid = {9153DEE9-5F31-4081-A189-DE675880AE25}
	EndGlobalSection
EndGlobal
